
Microsoft Visual Studio Solution File, Format Version 12.00
# Visual Studio Version 17
VisualStudioVersion = 17.3.32929.385
MinimumVisualStudioVersion = 10.0.40219.1
Project("{FAE04EC0-301F-11D3-BF4B-00C04F79EFBC}") = "AwsEcrProject", "AwsEcrProject\AwsEcrProject.csproj", "{FC396C5B-598F-47DC-9305-B7C826479BB3}"
EndProject
Project("{E53339B2-1760-4266-BCC7-CA923CBCF16C}") = "docker-compose", "docker-compose.dcproj", "{9BA93C08-A63C-4070-AA13-B6250E8C1C91}"
EndProject
Global
	GlobalSection(SolutionConfigurationPlatforms) = preSolution
		Debug|Any CPU = Debug|Any CPU
		Release|Any CPU = Release|Any CPU
	EndGlobalSection
	GlobalSection(ProjectConfigurationPlatforms) = postSolution
		{FC396C5B-598F-47DC-9305-B7C826479BB3}.Debug|Any CPU.ActiveCfg = Debug|Any CPU
		{FC396C5B-598F-47DC-9305-B7C826479BB3}.Debug|Any CPU.Build.0 = Debug|Any CPU
		{FC396C5B-598F-47DC-9305-B7C826479BB3}.Release|Any CPU.ActiveCfg = Release|Any CPU
		{FC396C5B-598F-47DC-9305-B7C826479BB3}.Release|Any CPU.Build.0 = Release|Any CPU
		{9BA93C08-A63C-4070-AA13-B6250E8C1C91}.Debug|Any CPU.ActiveCfg = Debug|Any CPU
		{9BA93C08-A63C-4070-AA13-B6250E8C1C91}.Debug|Any CPU.Build.0 = Debug|Any CPU
		{9BA93C08-A63C-4070-AA13-B6250E8C1C91}.Release|Any CPU.ActiveCfg = Release|Any CPU
		{9BA93C08-A63C-4070-AA13-B6250E8C1C91}.Release|Any CPU.Build.0 = Release|Any CPU
	EndGlobalSection
	GlobalSection(SolutionProperties) = preSolution
		HideSolutionNode = FALSE
	EndGlobalSection
	GlobalSection(ExtensibilityGlobals) = postSolution
		SolutionGuid = {6EE75854-8D08-4AC5-8755-8A4EAC3C555B}
	EndGlobalSection
EndGlobal
